Microsoft Visual Studio Solution File, Format Version 12.00
# Visual Studio Version 17
VisualStudioVersion = 17.5.2.0
MinimumVisualStudioVersion = 10.0.40219.1
Project("{FAE04EC0-301F-11D3-BF4B-00C04F79EFBC}") = "TransactionalBusinessApi", "TransactionalBusinessApi.csproj", "{CBF15951-1B58-9E1A-64DF-D558E46FE8B7}"
EndProject
Global
	GlobalSection(SolutionConfigurationPlatforms) = preSolution
		Debug|Any CPU = Debug|Any CPU
		Release|Any CPU = Release|Any CPU
	EndGlobalSection
	GlobalSection(ProjectConfigurationPlatforms) = postSolution
		{CBF15951-1B58-9E1A-64DF-D558E46FE8B7}.Debug|Any CPU.ActiveCfg = Debug|Any CPU
		{CBF15951-1B58-9E1A-64DF-D558E46FE8B7}.Debug|Any CPU.Build.0 = Debug|Any CPU
		{CBF15951-1B58-9E1A-64DF-D558E46FE8B7}.Release|Any CPU.ActiveCfg = Release|Any CPU
		{CBF15951-1B58-9E1A-64DF-D558E46FE8B7}.Release|Any CPU.Build.0 = Release|Any CPU
	EndGlobalSection
	GlobalSection(SolutionProperties) = preSolution
		HideSolutionNode = FALSE
	EndGlobalSection
	GlobalSection(ExtensibilityGlobals) = postSolution
		SolutionGuid = {CFE28A82-ABBC-4EF5-900C-F0B30D978C02}
	EndGlobalSection
EndGlobal
